{
  "originHash" : "32346d3f39aa51f6f49faa594da78660d74a5bbe8b3757e84df1acf7b80a6f03",
  "pins" : [
    {
      "identity" : "shuffle",
      "kind" : "remoteSourceControl",
      "location" : "https://github.com/mac-gallagher/Shuffle.git",
      "state" : {
        "branch" : "master",
        "revision" : "df246b9cd6b8b5e021b23c80706b4a4571785c1b"
      }
    },
    {
      "identity" : "snapkit",
      "kind" : "remoteSourceControl",
      "location" : "https://github.com/SnapKit/SnapKit.git",
      "state" : {
        "revision" : "2842e6e84e82eb9a8dac0100ca90d9444b0307f4",
        "version" : "5.7.1"
      }
    },
    {
      "identity" : "then",
      "kind" : "remoteSourceControl",
      "location" : "https://github.com/devxoul/Then",
      "state" : {
        "revision" : "d41ef523faef0f911369f79c0b96815d9dbb6d7a",
        "version" : "3.0.0"
      }
    }
  ],
  "version" : 3
}
